<?xml version="1.0" encoding="UTF-8"?>
<CodeBlocks_project_file>
	<FileVersion major="1" minor="6"/>
	<Project>
		<Option title="AAL"/>
		<Option makefile_is_custom="1"/>
		<Option compiler="gcc"/>
		<Option virtualFolders="CMake Files\;"/>
		<Build>
			<Target title="all">
				<Option working_dir="/home/adrian/Desktop/Studia/SemV/AAL/AAL"/>
				<Option type="4"/>
				<MakeCommands>
					<Build command="/usr/bin/make -f &quot;/home/adrian/Desktop/Studia/SemV/AAL/AAL/Makefile&quot;  VERBOSE=1 all"/>
					<CompileFile command="/usr/bin/make -f &quot;/home/adrian/Desktop/Studia/SemV/AAL/AAL/Makefile&quot;  VERBOSE=1 &quot;$file&quot;"/>
					<Clean command="/usr/bin/make -f &quot;/home/adrian/Desktop/Studia/SemV/AAL/AAL/Makefile&quot;  VERBOSE=1 clean"/>
					<DistClean command="/usr/bin/make -f &quot;/home/adrian/Desktop/Studia/SemV/AAL/AAL/Makefile&quot;  VERBOSE=1 clean"/>
				</MakeCommands>
			</Target>
			<Target title="rebuild_cache">
				<Option working_dir="/home/adrian/Desktop/Studia/SemV/AAL/AAL"/>
				<Option type="4"/>
				<MakeCommands>
					<Build command="/usr/bin/make -f &quot;/home/adrian/Desktop/Studia/SemV/AAL/AAL/Makefile&quot;  VERBOSE=1 rebuild_cache"/>
					<CompileFile command="/usr/bin/make -f &quot;/home/adrian/Desktop/Studia/SemV/AAL/AAL/Makefile&quot;  VERBOSE=1 &quot;$file&quot;"/>
					<Clean command="/usr/bin/make -f &quot;/home/adrian/Desktop/Studia/SemV/AAL/AAL/Makefile&quot;  VERBOSE=1 clean"/>
					<DistClean command="/usr/bin/make -f &quot;/home/adrian/Desktop/Studia/SemV/AAL/AAL/Makefile&quot;  VERBOSE=1 clean"/>
				</MakeCommands>
			</Target>
			<Target title="AAL">
				<Option output="/home/adrian/Desktop/Studia/SemV/AAL/AAL/AAL" prefix_auto="0" extension_auto="0"/>
				<Option working_dir="/home/adrian/Desktop/Studia/SemV/AAL/AAL"/>
				<Option object_output="./"/>
				<Option type="1"/>
				<Option compiler="gcc"/>
				<Compiler/>
				<MakeCommands>
					<Build command="/usr/bin/make -f &quot;/home/adrian/Desktop/Studia/SemV/AAL/AAL/Makefile&quot;  VERBOSE=1 AAL"/>
					<CompileFile command="/usr/bin/make -f &quot;/home/adrian/Desktop/Studia/SemV/AAL/AAL/Makefile&quot;  VERBOSE=1 &quot;$file&quot;"/>
					<Clean command="/usr/bin/make -f &quot;/home/adrian/Desktop/Studia/SemV/AAL/AAL/Makefile&quot;  VERBOSE=1 clean"/>
					<DistClean command="/usr/bin/make -f &quot;/home/adrian/Desktop/Studia/SemV/AAL/AAL/Makefile&quot;  VERBOSE=1 clean"/>
				</MakeCommands>
			</Target>
			<Target title="AAL/fast">
				<Option output="/home/adrian/Desktop/Studia/SemV/AAL/AAL/AAL" prefix_auto="0" extension_auto="0"/>
				<Option working_dir="/home/adrian/Desktop/Studia/SemV/AAL/AAL"/>
				<Option object_output="./"/>
				<Option type="1"/>
				<Option compiler="gcc"/>
				<Compiler/>
				<MakeCommands>
					<Build command="/usr/bin/make -f &quot;/home/adrian/Desktop/Studia/SemV/AAL/AAL/Makefile&quot;  VERBOSE=1 AAL/fast"/>
					<CompileFile command="/usr/bin/make -f &quot;/home/adrian/Desktop/Studia/SemV/AAL/AAL/Makefile&quot;  VERBOSE=1 &quot;$file&quot;"/>
					<Clean command="/usr/bin/make -f &quot;/home/adrian/Desktop/Studia/SemV/AAL/AAL/Makefile&quot;  VERBOSE=1 clean"/>
					<DistClean command="/usr/bin/make -f &quot;/home/adrian/Desktop/Studia/SemV/AAL/AAL/Makefile&quot;  VERBOSE=1 clean"/>
				</MakeCommands>
			</Target>
			<Target title="edit_cache">
				<Option working_dir="/home/adrian/Desktop/Studia/SemV/AAL/AAL"/>
				<Option type="4"/>
				<MakeCommands>
					<Build command="/usr/bin/make -f &quot;/home/adrian/Desktop/Studia/SemV/AAL/AAL/Makefile&quot;  VERBOSE=1 edit_cache"/>
					<CompileFile command="/usr/bin/make -f &quot;/home/adrian/Desktop/Studia/SemV/AAL/AAL/Makefile&quot;  VERBOSE=1 &quot;$file&quot;"/>
					<Clean command="/usr/bin/make -f &quot;/home/adrian/Desktop/Studia/SemV/AAL/AAL/Makefile&quot;  VERBOSE=1 clean"/>
					<DistClean command="/usr/bin/make -f &quot;/home/adrian/Desktop/Studia/SemV/AAL/AAL/Makefile&quot;  VERBOSE=1 clean"/>
				</MakeCommands>
			</Target>
		</Build>
		<Unit filename="/home/adrian/Desktop/Studia/SemV/AAL/AAL/include/data_structures/Edge.h">
			<Option target="AAL"/>
		</Unit>
		<Unit filename="/home/adrian/Desktop/Studia/SemV/AAL/AAL/include/data_structures/Graph.h">
			<Option target="AAL"/>
		</Unit>
		<Unit filename="/home/adrian/Desktop/Studia/SemV/AAL/AAL/include/data_structures/Vertex.h">
			<Option target="AAL"/>
		</Unit>
		<Unit filename="/home/adrian/Desktop/Studia/SemV/AAL/AAL/include/mappers/AbstractProblemMapper.h">
			<Option target="AAL"/>
		</Unit>
		<Unit filename="/home/adrian/Desktop/Studia/SemV/AAL/AAL/include/mappers/StudentScheduleProblemMapper.h">
			<Option target="AAL"/>
		</Unit>
		<Unit filename="/home/adrian/Desktop/Studia/SemV/AAL/AAL/include/problem/Problem.h">
			<Option target="AAL"/>
		</Unit>
		<Unit filename="/home/adrian/Desktop/Studia/SemV/AAL/AAL/include/problem/StudentScheduleProblem.h">
			<Option target="AAL"/>
		</Unit>
		<Unit filename="/home/adrian/Desktop/Studia/SemV/AAL/AAL/include/problem/generators/AcyclicGraphGenerator.cpp">
			<Option target="AAL"/>
		</Unit>
		<Unit filename="/home/adrian/Desktop/Studia/SemV/AAL/AAL/include/problem/generators/AcyclicGraphGenerator.h">
			<Option target="AAL"/>
		</Unit>
		<Unit filename="/home/adrian/Desktop/Studia/SemV/AAL/AAL/include/problem/solver/Solver.h">
			<Option target="AAL"/>
		</Unit>
		<Unit filename="/home/adrian/Desktop/Studia/SemV/AAL/AAL/include/problem/solver/StudentScheduleSolver.h">
			<Option target="AAL"/>
		</Unit>
		<Unit filename="/home/adrian/Desktop/Studia/SemV/AAL/AAL/src/data_structures/Edge.cpp">
			<Option target="AAL"/>
		</Unit>
		<Unit filename="/home/adrian/Desktop/Studia/SemV/AAL/AAL/src/data_structures/Graph.cpp">
			<Option target="AAL"/>
		</Unit>
		<Unit filename="/home/adrian/Desktop/Studia/SemV/AAL/AAL/src/data_structures/Vertex.cpp">
			<Option target="AAL"/>
		</Unit>
		<Unit filename="/home/adrian/Desktop/Studia/SemV/AAL/AAL/src/main.cpp">
			<Option target="AAL"/>
		</Unit>
		<Unit filename="/home/adrian/Desktop/Studia/SemV/AAL/AAL/src/mappers/StudentScheduleProblemMapper.cpp">
			<Option target="AAL"/>
		</Unit>
		<Unit filename="/home/adrian/Desktop/Studia/SemV/AAL/AAL/src/problem/StudentScheduleProblem.cpp">
			<Option target="AAL"/>
		</Unit>
		<Unit filename="/home/adrian/Desktop/Studia/SemV/AAL/AAL/src/problem/solver/StudentScheduleSolver.cpp">
			<Option target="AAL"/>
		</Unit>
		<Unit filename="/home/adrian/Desktop/Studia/SemV/AAL/AAL/CMakeLists.txt">
			<Option virtualFolder="CMake Files\"/>
		</Unit>
	</Project>
</CodeBlocks_project_file>
